
Microsoft Visual Studio Solution File, Format Version 12.00
# Visual Studio Version 17
VisualStudioVersion = 17.0.31903.59
MinimumVisualStudioVersion = 10.0.40219.1
Project("{9A19103F-16F7-4668-BE54-9A1E7A4F7556}") = "Api", "Api\Api.csproj", "{34603370-CC23-429E-B5C1-37B0D78A9995}"
EndProject
Project("{9A19103F-16F7-4668-BE54-9A1E7A4F7556}") = "Client", "Client\Client.csproj", "{19078546-0BE0-44A7-959D-7735232D48B3}"
EndProject
Project("{9A19103F-16F7-4668-BE54-9A1E7A4F7556}") = "Idp", "Idp\Idp.csproj", "{247FC4A6-3DF8-47B9-BE59-77A652CA1830}"
EndProject
Project("{9A19103F-16F7-4668-BE54-9A1E7A4F7556}") = "IdentityServer", "..\..\src\IdentityServer\IdentityServer.csproj", "{C7FE2182-AB36-4387-AA13-E77AF297CFCD}"
EndProject
Project("{9A19103F-16F7-4668-BE54-9A1E7A4F7556}") = "IdentityServer.Storage", "..\..\src\IdentityServer.Storage\IdentityServer.Storage.csproj", "{92A983BF-EFF5-4D07-940C-75B498B107F1}"
EndProject
Project("{2150E333-8FDC-42A3-9474-1A3956D46DE8}") = "src", "src", "{D56C14E9-1856-4464-8D42-9037B841F585}"
EndProject
Project("{2150E333-8FDC-42A3-9474-1A3956D46DE8}") = "samples", "samples", "{DBCF2C50-51E4-49B3-87B5-426D06CE9F28}"
EndProject
Project("{9A19103F-16F7-4668-BE54-9A1E7A4F7556}") = "IdentityServer.Authentication", "..\..\src\IdentityServer.Authentication\IdentityServer.Authentication.csproj", "{425E7A0D-B621-4F60-8A39-25DFD7BBB43C}"
EndProject
Global
	GlobalSection(SolutionConfigurationPlatforms) = preSolution
		Debug|Any CPU = Debug|Any CPU
		Release|Any CPU = Release|Any CPU
	EndGlobalSection
	GlobalSection(ProjectConfigurationPlatforms) = postSolution
		{34603370-CC23-429E-B5C1-37B0D78A9995}.Debug|Any CPU.ActiveCfg = Debug|Any CPU
		{34603370-CC23-429E-B5C1-37B0D78A9995}.Debug|Any CPU.Build.0 = Debug|Any CPU
		{34603370-CC23-429E-B5C1-37B0D78A9995}.Release|Any CPU.ActiveCfg = Release|Any CPU
		{34603370-CC23-429E-B5C1-37B0D78A9995}.Release|Any CPU.Build.0 = Release|Any CPU
		{19078546-0BE0-44A7-959D-7735232D48B3}.Debug|Any CPU.ActiveCfg = Debug|Any CPU
		{19078546-0BE0-44A7-959D-7735232D48B3}.Debug|Any CPU.Build.0 = Debug|Any CPU
		{19078546-0BE0-44A7-959D-7735232D48B3}.Release|Any CPU.ActiveCfg = Release|Any CPU
		{19078546-0BE0-44A7-959D-7735232D48B3}.Release|Any CPU.Build.0 = Release|Any CPU
		{247FC4A6-3DF8-47B9-BE59-77A652CA1830}.Debug|Any CPU.ActiveCfg = Debug|Any CPU
		{247FC4A6-3DF8-47B9-BE59-77A652CA1830}.Debug|Any CPU.Build.0 = Debug|Any CPU
		{247FC4A6-3DF8-47B9-BE59-77A652CA1830}.Release|Any CPU.ActiveCfg = Release|Any CPU
		{247FC4A6-3DF8-47B9-BE59-77A652CA1830}.Release|Any CPU.Build.0 = Release|Any CPU
		{C7FE2182-AB36-4387-AA13-E77AF297CFCD}.Debug|Any CPU.ActiveCfg = Debug|Any CPU
		{C7FE2182-AB36-4387-AA13-E77AF297CFCD}.Debug|Any CPU.Build.0 = Debug|Any CPU
		{C7FE2182-AB36-4387-AA13-E77AF297CFCD}.Release|Any CPU.ActiveCfg = Release|Any CPU
		{C7FE2182-AB36-4387-AA13-E77AF297CFCD}.Release|Any CPU.Build.0 = Release|Any CPU
		{92A983BF-EFF5-4D07-940C-75B498B107F1}.Debug|Any CPU.ActiveCfg = Debug|Any CPU
		{92A983BF-EFF5-4D07-940C-75B498B107F1}.Debug|Any CPU.Build.0 = Debug|Any CPU
		{92A983BF-EFF5-4D07-940C-75B498B107F1}.Release|Any CPU.ActiveCfg = Release|Any CPU
		{92A983BF-EFF5-4D07-940C-75B498B107F1}.Release|Any CPU.Build.0 = Release|Any CPU
		{425E7A0D-B621-4F60-8A39-25DFD7BBB43C}.Debug|Any CPU.ActiveCfg = Debug|Any CPU
		{425E7A0D-B621-4F60-8A39-25DFD7BBB43C}.Debug|Any CPU.Build.0 = Debug|Any CPU
		{425E7A0D-B621-4F60-8A39-25DFD7BBB43C}.Release|Any CPU.ActiveCfg = Release|Any CPU
		{425E7A0D-B621-4F60-8A39-25DFD7BBB43C}.Release|Any CPU.Build.0 = Release|Any CPU
	EndGlobalSection
	GlobalSection(SolutionProperties) = preSolution
		HideSolutionNode = FALSE
	EndGlobalSection
	GlobalSection(NestedProjects) = preSolution
		{34603370-CC23-429E-B5C1-37B0D78A9995} = {DBCF2C50-51E4-49B3-87B5-426D06CE9F28}
		{19078546-0BE0-44A7-959D-7735232D48B3} = {DBCF2C50-51E4-49B3-87B5-426D06CE9F28}
		{247FC4A6-3DF8-47B9-BE59-77A652CA1830} = {DBCF2C50-51E4-49B3-87B5-426D06CE9F28}
		{C7FE2182-AB36-4387-AA13-E77AF297CFCD} = {D56C14E9-1856-4464-8D42-9037B841F585}
		{92A983BF-EFF5-4D07-940C-75B498B107F1} = {D56C14E9-1856-4464-8D42-9037B841F585}
		{425E7A0D-B621-4F60-8A39-25DFD7BBB43C} = {D56C14E9-1856-4464-8D42-9037B841F585}
	EndGlobalSection
	GlobalSection(ExtensibilityGlobals) = postSolution
		SolutionGuid = {AFDF8E66-F9A4-49F0-B9D8-D5930F222673}
	EndGlobalSection
EndGlobal
