
Microsoft Visual Studio Solution File, Format Version 12.00
# Visual Studio Version 17
VisualStudioVersion = 17.0.31903.59
MinimumVisualStudioVersion = 10.0.40219.1
Project("{9A19103F-16F7-4668-BE54-9A1E7A4F7556}") = "Api", "Api\Api.csproj", "{872DB6FD-D44D-455E-AD7A-2F008D188E1A}"
EndProject
Project("{9A19103F-16F7-4668-BE54-9A1E7A4F7556}") = "Idp", "Idp\Idp.csproj", "{90EED3E0-0976-4FB5-B667-9CF08A39F9D2}"
EndProject
Project("{9A19103F-16F7-4668-BE54-9A1E7A4F7556}") = "Client", "Client\Client.csproj", "{FBABD018-6E58-4B97-9B72-E22216AF1206}"
EndProject
Global
	GlobalSection(SolutionConfigurationPlatforms) = preSolution
		Debug|Any CPU = Debug|Any CPU
		Release|Any CPU = Release|Any CPU
	EndGlobalSection
	GlobalSection(ProjectConfigurationPlatforms) = postSolution
		{872DB6FD-D44D-455E-AD7A-2F008D188E1A}.Debug|Any CPU.ActiveCfg = Debug|Any CPU
		{872DB6FD-D44D-455E-AD7A-2F008D188E1A}.Debug|Any CPU.Build.0 = Debug|Any CPU
		{872DB6FD-D44D-455E-AD7A-2F008D188E1A}.Release|Any CPU.ActiveCfg = Release|Any CPU
		{872DB6FD-D44D-455E-AD7A-2F008D188E1A}.Release|Any CPU.Build.0 = Release|Any CPU
		{90EED3E0-0976-4FB5-B667-9CF08A39F9D2}.Debug|Any CPU.ActiveCfg = Debug|Any CPU
		{90EED3E0-0976-4FB5-B667-9CF08A39F9D2}.Debug|Any CPU.Build.0 = Debug|Any CPU
		{90EED3E0-0976-4FB5-B667-9CF08A39F9D2}.Release|Any CPU.ActiveCfg = Release|Any CPU
		{90EED3E0-0976-4FB5-B667-9CF08A39F9D2}.Release|Any CPU.Build.0 = Release|Any CPU
		{FBABD018-6E58-4B97-9B72-E22216AF1206}.Debug|Any CPU.ActiveCfg = Debug|Any CPU
		{FBABD018-6E58-4B97-9B72-E22216AF1206}.Debug|Any CPU.Build.0 = Debug|Any CPU
		{FBABD018-6E58-4B97-9B72-E22216AF1206}.Release|Any CPU.ActiveCfg = Release|Any CPU
		{FBABD018-6E58-4B97-9B72-E22216AF1206}.Release|Any CPU.Build.0 = Release|Any CPU
	EndGlobalSection
	GlobalSection(SolutionProperties) = preSolution
		HideSolutionNode = FALSE
	EndGlobalSection
EndGlobal
