
Microsoft Visual Studio Solution File, Format Version 12.00
# Visual Studio Version 17
VisualStudioVersion = 17.0.31903.59
MinimumVisualStudioVersion = 10.0.40219.1
Project("{9A19103F-16F7-4668-BE54-9A1E7A4F7556}") = "ApiHost", "ApiHost\ApiHost.csproj", "{ADBD4F6A-DAF8-4B3F-B849-9E1389C9A53C}"
EndProject
Project("{9A19103F-16F7-4668-BE54-9A1E7A4F7556}") = "Hosting", "Hosting\Hosting.csproj", "{B6C71EA1-76D8-4688-8674-DE35ECFCB3A1}"
EndProject
Global
	GlobalSection(SolutionConfigurationPlatforms) = preSolution
		Debug|Any CPU = Debug|Any CPU
		Release|Any CPU = Release|Any CPU
	EndGlobalSection
	GlobalSection(ProjectConfigurationPlatforms) = postSolution
		{ADBD4F6A-DAF8-4B3F-B849-9E1389C9A53C}.Debug|Any CPU.ActiveCfg = Debug|Any CPU
		{ADBD4F6A-DAF8-4B3F-B849-9E1389C9A53C}.Debug|Any CPU.Build.0 = Debug|Any CPU
		{ADBD4F6A-DAF8-4B3F-B849-9E1389C9A53C}.Release|Any CPU.ActiveCfg = Release|Any CPU
		{ADBD4F6A-DAF8-4B3F-B849-9E1389C9A53C}.Release|Any CPU.Build.0 = Release|Any CPU
		{B6C71EA1-76D8-4688-8674-DE35ECFCB3A1}.Debug|Any CPU.ActiveCfg = Debug|Any CPU
		{B6C71EA1-76D8-4688-8674-DE35ECFCB3A1}.Debug|Any CPU.Build.0 = Debug|Any CPU
		{B6C71EA1-76D8-4688-8674-DE35ECFCB3A1}.Release|Any CPU.ActiveCfg = Release|Any CPU
		{B6C71EA1-76D8-4688-8674-DE35ECFCB3A1}.Release|Any CPU.Build.0 = Release|Any CPU
	EndGlobalSection
	GlobalSection(SolutionProperties) = preSolution
		HideSolutionNode = FALSE
	EndGlobalSection
EndGlobal
